
Microsoft Visual Studio Solution File, Format Version 12.00
# Visual Studio 2012
Project("{FAE04EC0-301F-11D3-BF4B-00C04F79EFBC}") = "ApsDomain", "UnitTests\ApsDomain.csproj", "{98EA6256-15B1-49C2-A405-A2E050D5741E}"
EndProject
Project("{FAE04EC0-301F-11D3-BF4B-00C04F79EFBC}") = "DomainUnitTests", "DomainUnitTests\DomainUnitTests.csproj", "{FE8A52E8-D38F-40BA-8259-703EFDF9C744}"
EndProject
Global
	GlobalSection(SolutionConfigurationPlatforms) = preSolution
		Debug|Any CPU = Debug|Any CPU
		Release|Any CPU = Release|Any CPU
	EndGlobalSection
	GlobalSection(ProjectConfigurationPlatforms) = postSolution
		{98EA6256-15B1-49C2-A405-A2E050D5741E}.Debug|Any CPU.ActiveCfg = Debug|Any CPU
		{98EA6256-15B1-49C2-A405-A2E050D5741E}.Debug|Any CPU.Build.0 = Debug|Any CPU
		{98EA6256-15B1-49C2-A405-A2E050D5741E}.Release|Any CPU.ActiveCfg = Release|Any CPU
		{98EA6256-15B1-49C2-A405-A2E050D5741E}.Release|Any CPU.Build.0 = Release|Any CPU
		{FE8A52E8-D38F-40BA-8259-703EFDF9C744}.Debug|Any CPU.ActiveCfg = Debug|Any CPU
		{FE8A52E8-D38F-40BA-8259-703EFDF9C744}.Debug|Any CPU.Build.0 = Debug|Any CPU
		{FE8A52E8-D38F-40BA-8259-703EFDF9C744}.Release|Any CPU.ActiveCfg = Release|Any CPU
		{FE8A52E8-D38F-40BA-8259-703EFDF9C744}.Release|Any CPU.Build.0 = Release|Any CPU
	EndGlobalSection
	GlobalSection(SolutionProperties) = preSolution
		HideSolutionNode = FALSE
	EndGlobalSection
EndGlobal
